Microsoft Visual Studio Solution File, Format Version 12.00
# Visual Studio Version 17
VisualStudioVersion = 17.5.2.0
MinimumVisualStudioVersion = 10.0.40219.1
Project("{FAE04EC0-301F-11D3-BF4B-00C04F79EFBC}") = "MSResidents", "MSResidents.csproj", "{DB2F1E65-3F1D-4C0F-E736-3C6A8B5E34E0}"
EndProject
Global
	GlobalSection(SolutionConfigurationPlatforms) = preSolution
		Debug|Any CPU = Debug|Any CPU
		Release|Any CPU = Release|Any CPU
	EndGlobalSection
	GlobalSection(ProjectConfigurationPlatforms) = postSolution
		{DB2F1E65-3F1D-4C0F-E736-3C6A8B5E34E0}.Debug|Any CPU.ActiveCfg = Debug|Any CPU
		{DB2F1E65-3F1D-4C0F-E736-3C6A8B5E34E0}.Debug|Any CPU.Build.0 = Debug|Any CPU
		{DB2F1E65-3F1D-4C0F-E736-3C6A8B5E34E0}.Release|Any CPU.ActiveCfg = Release|Any CPU
		{DB2F1E65-3F1D-4C0F-E736-3C6A8B5E34E0}.Release|Any CPU.Build.0 = Release|Any CPU
	EndGlobalSection
	GlobalSection(SolutionProperties) = preSolution
		HideSolutionNode = FALSE
	EndGlobalSection
	GlobalSection(ExtensibilityGlobals) = postSolution
		SolutionGuid = {3189C75D-B758-4454-9C21-72AD8E4B78F2}
	EndGlobalSection
EndGlobal
